PODS:
  - Flutter (1.0.0)
  - integration_test (0.0.1):
    - Flutter
  - rust_lib_example (0.0.1):
    - Flutter

DEPENDENCIES:
  - Flutter (from `Flutter`)
  - integration_test (from `.symlinks/plugins/integration_test/ios`)
  - rust_lib_example (from `.symlinks/plugins/rust_lib_example/ios`)

EXTERNAL SOURCES:
  Flutter:
    :path: Flutter
  integration_test:
    :path: ".symlinks/plugins/integration_test/ios"
  rust_lib_example:
    :path: ".symlinks/plugins/rust_lib_example/ios"

SPEC CHECKSUMS:
  Flutter: cabc95a1d2626b1b06e7179b784ebcf0c0cde467
  integration_test: 252f60fa39af5e17c3aa9899d35d908a0721b573
  rust_lib_example: 7e507e072f2b2c94d1b376f0830f09484df6d8c8

PODFILE CHECKSUM: 3c63482e143d1b91d2d2560aee9fb04ecc74ac7e

COCOAPODS: 1.16.2
