PODS:
  - Flutter (1.0.0)
  - integration_test (0.0.1):
    - Flutter
  - rust_lib_example (0.0.1):
    - Flutter

DEPENDENCIES:
  - Flutter (from `Flutter`)
  - integration_test (from `.symlinks/plugins/integration_test/ios`)
  - rust_lib_example (from `.symlinks/plugins/rust_lib_example/ios`)

EXTERNAL SOURCES:
  Flutter:
    :path: Flutter
  integration_test:
    :path: ".symlinks/plugins/integration_test/ios"
  rust_lib_example:
    :path: ".symlinks/plugins/rust_lib_example/ios"

SPEC CHECKSUMS:
  Flutter: e0871f40cf51350855a761d2e70bf5af5b9b5de7
  integration_test: 4a889634ef21a45d28d50d622cf412dc6d9f586e
  rust_lib_example: 5fad4f07ab9097adf259f680aa780a9d683070d0

PODFILE CHECKSUM: 4305caec6b40dde0ae97be1573c53de1882a07e5

COCOAPODS: 1.16.2
