PODS:
  - FlutterMacOS (1.0.0)
  - rust_lib_example (0.0.1):
    - FlutterMacOS

DEPENDENCIES:
  - FlutterMacOS (from `Flutter/ephemeral`)
  - rust_lib_example (from `Flutter/ephemeral/.symlinks/plugins/rust_lib_example/macos`)

EXTERNAL SOURCES:
  FlutterMacOS:
    :path: Flutter/ephemeral
  rust_lib_example:
    :path: Flutter/ephemeral/.symlinks/plugins/rust_lib_example/macos

SPEC CHECKSUMS:
  FlutterMacOS: d0db08ddef1a9af05a5ec4b724367152bb0500b1
  rust_lib_example: 10c7248d23d744561fdb957442e0b9a0e050af77

PODFILE CHECKSUM: 54d867c82ac51cbd61b565781b9fada492027009

COCOAPODS: 1.16.2
