PODS:
  - FlutterMacOS (1.0.0)
  - rust_lib_example (0.0.1):
    - FlutterMacOS

DEPENDENCIES:
  - FlutterMacOS (from `Flutter/ephemeral`)
  - rust_lib_example (from `Flutter/ephemeral/.symlinks/plugins/rust_lib_example/macos`)

EXTERNAL SOURCES:
  FlutterMacOS:
    :path: Flutter/ephemeral
  rust_lib_example:
    :path: Flutter/ephemeral/.symlinks/plugins/rust_lib_example/macos

SPEC CHECKSUMS:
  FlutterMacOS: 8f6f14fa908a6fb3fba0cd85dbd81ec4b251fb24
  rust_lib_example: 3755c4211cbbe6e747b8900a36f354d634e660b3

PODFILE CHECKSUM: 7eb978b976557c8c1cd717d8185ec483fd090a82

COCOAPODS: 1.16.2
