# This file is automatically @generated by Poetry 1.6.1 and should not be changed by hand.

[[package]]
name = "ruff"
version = "0.14.4"
description = "An extremely fast Python linter and code formatter, written in Rust."
optional = false
python-versions = ">=3.7"
files = [
    {file = "ruff-0.14.4-py3-none-linux_armv6l.whl", hash = "sha256:e6604613ffbcf2297cd5dcba0e0ac9bd0c11dc026442dfbb614504e87c349518"},
    {file = "ruff-0.14.4-py3-none-macosx_10_12_x86_64.whl", hash = "sha256:d99c0b52b6f0598acede45ee78288e5e9b4409d1ce7f661f0fa36d4cbeadf9a4"},
    {file = "ruff-0.14.4-py3-none-macosx_11_0_arm64.whl", hash = "sha256:9358d490ec030f1b51d048a7fd6ead418ed0826daf6149e95e30aa67c168af33"},
    {file = "ruff-0.14.4-py3-none-manylinux_2_17_aarch64.manylinux2014_aarch64.whl", hash = "sha256:81b40d27924f1f02dfa827b9c0712a13c0e4b108421665322218fc38caf615c2"},
    {file = "ruff-0.14.4-py3-none-manylinux_2_17_armv7l.manylinux2014_armv7l.whl", hash = "sha256:f5e649052a294fe00818650712083cddc6cc02744afaf37202c65df9ea52efa5"},
    {file = "ruff-0.14.4-py3-none-manylinux_2_17_i686.manylinux2014_i686.whl", hash = "sha256:aa082a8f878deeba955531f975881828fd6afd90dfa757c2b0808aadb437136e"},
    {file = "ruff-0.14.4-py3-none-manylinux_2_17_ppc64.manylinux2014_ppc64.whl", hash = "sha256:1043c6811c2419e39011890f14d0a30470f19d47d197c4858b2787dfa698f6c8"},
    {file = "ruff-0.14.4-py3-none-manylinux_2_17_ppc64le.manylinux2014_ppc64le.whl", hash = "sha256:a9f3a936ac27fb7c2a93e4f4b943a662775879ac579a433291a6f69428722649"},
    {file = "ruff-0.14.4-py3-none-manylinux_2_17_s390x.manylinux2014_s390x.whl", hash = "sha256:95643ffd209ce78bc113266b88fba3d39e0461f0cbc8b55fb92505030fb4a850"},
    {file = "ruff-0.14.4-py3-none-manylinux_2_17_x86_64.manylinux2014_x86_64.whl", hash = "sha256:456daa2fa1021bc86ca857f43fe29d5d8b3f0e55e9f90c58c317c1dcc2afc7b5"},
    {file = "ruff-0.14.4-py3-none-manylinux_2_31_riscv64.whl", hash = "sha256:f911bba769e4a9f51af6e70037bb72b70b45a16db5ce73e1f72aefe6f6d62132"},
    {file = "ruff-0.14.4-py3-none-musllinux_1_2_aarch64.whl", hash = "sha256:76158a7369b3979fa878612c623a7e5430c18b2fd1c73b214945c2d06337db67"},
    {file = "ruff-0.14.4-py3-none-musllinux_1_2_armv7l.whl", hash = "sha256:f3b8f3b442d2b14c246e7aeca2e75915159e06a3540e2f4bed9f50d062d24469"},
    {file = "ruff-0.14.4-py3-none-musllinux_1_2_i686.whl", hash = "sha256:c62da9a06779deecf4d17ed04939ae8b31b517643b26370c3be1d26f3ef7dbde"},
    {file = "ruff-0.14.4-py3-none-musllinux_1_2_x86_64.whl", hash = "sha256:5a443a83a1506c684e98acb8cb55abaf3ef725078be40237463dae4463366349"},
    {file = "ruff-0.14.4-py3-none-win32.whl", hash = "sha256:643b69cb63cd996f1fc7229da726d07ac307eae442dd8974dbc7cf22c1e18fff"},
    {file = "ruff-0.14.4-py3-none-win_amd64.whl", hash = "sha256:26673da283b96fe35fa0c939bf8411abec47111644aa9f7cfbd3c573fb125d2c"},
    {file = "ruff-0.14.4-py3-none-win_arm64.whl", hash = "sha256:dd09c292479596b0e6fec8cd95c65c3a6dc68e9ad17b8f2382130f87ff6a75bb"},
    {file = "ruff-0.14.4.tar.gz", hash = "sha256:f459a49fe1085a749f15414ca76f61595f1a2cc8778ed7c279b6ca2e1fd19df3"},
]

[metadata]
lock-version = "2.0"
python-versions = "^3.14"
content-hash = "d770e93b982b1b7828dd87eb4390cff4c069a2b08e6fde2d60b5d6f4cd6411cd"
